schema: '2.0'
stages:
  quality_gate:
    cmd: uv run python dvc_gate_stage.py
    deps:
    - path: ../reports/quality.json
      hash: md5
      md5: 27ec9857d7f85150b5c48a703969f441
      size: 26253
    - path: dvc_gate_stage.py
      hash: md5
      md5: 75ed4c9299c5c526be827e6c5386e929
      size: 2101
    - path: presentation/contracts.py
      hash: md5
      md5: 24a51d6f65165cc4377911bf659dbaf2
      size: 3791
    outs:
    - path: ../reports/.quality_gate.passed
      hash: md5
      md5: edf1b9bbb2e79dff0fa187fdc33dd0ac
      size: 7
  projections:
    cmd: uv run python dvc_projections_stage.py
    deps:
    - path: ../data/raw/annotations
      hash: md5
      md5: c7cb86ae7ece94ef7b853620e464a4d7.dir
      size: 256669
      nfiles: 10
    - path: ../data/raw/images
      hash: md5
      md5: 951150dd4fb053f4665089fcb37a1c87.dir
      size: 13556278
      nfiles: 600
    - path: analyzers/base.py
      hash: md5
      md5: 20e5bf946dc5c89373db4fcf3a1b4c40
      size: 229
    - path: dvc_projections_stage.py
      hash: md5
      md5: b0d03a74c35443b74129096aba8b4bc7
      size: 1128
    - path: ingestion/__init__.py
      hash: md5
      md5: 348c29beb25cb2c7bdd00120146d1ec6
      size: 220
    - path: ingestion/loader.py
      hash: md5
      md5: 28522dcb1a8340aa41d9302339099d67
      size: 2789
    - path: ingestion/models.py
      hash: md5
      md5: bd165d23ec0be422d3cf789ac3da6bda
      size: 3206
    - path: policies/models.py
      hash: md5
      md5: 74bf2de1b7d3ad7d5749c46a42fc1743
      size: 1405
    - path: policies/quality.yaml
      hash: md5
      md5: 6b7ed64be85828614dac8a1341a3b91f
      size: 1264
    - path: presentation/__init__.py
      hash: md5
      md5: 7867f173e84e7d9c8bf8c089532208dd
      size: 223
    - path: presentation/contracts.py
      hash: md5
      md5: 24a51d6f65165cc4377911bf659dbaf2
      size: 3791
    - path: presentation/projections.py
      hash: md5
      md5: 009933c417b69be2b7b4c76db9f81b64
      size: 4233
    - path: presentation/projections_contracts.py
      hash: md5
      md5: a6e9fae2f8ce872ed1e8be92e4ea721f
      size: 3223
    - path: projections/__init__.py
      hash: md5
      md5: 9eb98c01fe1aecc710255729eabb8825
      size: 90
    - path: projections/compute.py
      hash: md5
      md5: 92b039ea7864665c947ed8629bfa32cf
      size: 4089
    - path: projections/models.py
      hash: md5
      md5: 7174a3f3dcc49d075ea63c4e349f31ab
      size: 2276
    - path: pyproject.toml
      hash: md5
      md5: 59314e8423120461a22f3b65b1dc25ec
      size: 2208
    - path: storage/settings.py
      hash: md5
      md5: 379850bf9312494ed3a5b72e54e8099a
      size: 5402
    - path: uv.lock
      hash: md5
      md5: 2a6846583267308530823e8e7fa3b529
      size: 247413
    params:
      projections/projections.yaml:
        dataset_version: local-dev
        features:
          representation: rgb_pixels
          width: 16
          height: 16
          channels: 3
          resize_filter: LANCZOS
          exif_orientation: transpose
          normalization: divide_by_255
        pca:
          n_components: 2
          svd_solver: full
          whiten: false
        tsne:
          n_components: 2
          random_state: 42
          init: pca
          learning_rate: auto
          max_iter: 1000
          perplexity: 30.0
          method: barnes_hut
    outs:
    - path: ../reports/projections.json
      hash: md5
      md5: 3ff42be0397172e84b6a96e4017cd033
      size: 230888
  quality_report:
    cmd: uv run python dvc_quality_report_stage.py
    deps:
    - path: ../data/raw/annotations
      hash: md5
      md5: c7cb86ae7ece94ef7b853620e464a4d7.dir
      size: 256669
      nfiles: 10
    - path: ../data/raw/images
      hash: md5
      md5: 951150dd4fb053f4665089fcb37a1c87.dir
      size: 13556278
      nfiles: 600
    - path: analyzers
      hash: md5
      md5: e40324666fcdc4965dd640bf550e7ada.dir
      size: 36189
      nfiles: 9
    - path: dvc_quality_report_stage.py
      hash: md5
      md5: 83f50b2b43aee2034410aee12f35b3e1
      size: 859
    - path: ingestion
      hash: md5
      md5: ca089950caaa39a071f3accdd1cd4c12.dir
      size: 8462
      nfiles: 4
    - path: policies
      hash: md5
      md5: 46c2dbb80ff6ca6f51e733c3fbb31abe.dir
      size: 5233
      nfiles: 8
    - path: presentation/contracts.py
      hash: md5
      md5: 24a51d6f65165cc4377911bf659dbaf2
      size: 3791
    - path: presentation/gate.py
      hash: md5
      md5: 67af69631dee039695c7f6e644ce000c
      size: 8678
    - path: splits/__init__.py
      hash: md5
      md5: a46b91acd643cdbea84fbd902a6e825e
      size: 146
    - path: splits/models.py
      hash: md5
      md5: c9057c6b2ee415daed5ad8a0b4016ea0
      size: 1290
    - path: splits/stratified.py
      hash: md5
      md5: f00bfed6ee2d3180f2d11e8d6ea3190a
      size: 12497
    - path: storage/settings.py
      hash: md5
      md5: 379850bf9312494ed3a5b72e54e8099a
      size: 5402
    params:
      splits/splits.yaml:
        seed: 42
        test: 0.15
        train: 0.7
        val: 0.15
    outs:
    - path: ../reports/quality.json
      hash: md5
      md5: 27ec9857d7f85150b5c48a703969f441
      size: 26253
  split:
    cmd: uv run python dvc_split_stage.py
    deps:
    - path: ../data/raw/annotations
      hash: md5
      md5: c7cb86ae7ece94ef7b853620e464a4d7.dir
      size: 256669
      nfiles: 10
    - path: ../data/raw/images
      hash: md5
      md5: 951150dd4fb053f4665089fcb37a1c87.dir
      size: 13556278
      nfiles: 600
    - path: ../reports/.quality_gate.passed
      hash: md5
      md5: edf1b9bbb2e79dff0fa187fdc33dd0ac
      size: 7
    - path: analyzers
      hash: md5
      md5: e40324666fcdc4965dd640bf550e7ada.dir
      size: 36189
      nfiles: 9
    - path: dvc_gate_stage.py
      hash: md5
      md5: 75ed4c9299c5c526be827e6c5386e929
      size: 2101
    - path: dvc_split_stage.py
      hash: md5
      md5: 2fc4486b85b0e46063f59dbd054abaf9
      size: 1459
    - path: ingestion
      hash: md5
      md5: ca089950caaa39a071f3accdd1cd4c12.dir
      size: 8462
      nfiles: 4
    - path: policies
      hash: md5
      md5: 46c2dbb80ff6ca6f51e733c3fbb31abe.dir
      size: 5233
      nfiles: 8
    - path: presentation/contracts.py
      hash: md5
      md5: 24a51d6f65165cc4377911bf659dbaf2
      size: 3791
    - path: presentation/gate.py
      hash: md5
      md5: 67af69631dee039695c7f6e644ce000c
      size: 8678
    - path: presentation/splits.py
      hash: md5
      md5: 786471549a16287da77d7861c781347a
      size: 1514
    - path: splits
      hash: md5
      md5: c04d5e5f04ebd6fdd2f6cdbe5486ad25.dir
      size: 23378
      nfiles: 5
    - path: storage/settings.py
      hash: md5
      md5: 379850bf9312494ed3a5b72e54e8099a
      size: 5402
    outs:
    - path: ../reports/splits.json
      hash: md5
      md5: 1091469105770e8c3fcb41f10dc4a844
      size: 645
  crops:
    cmd: uv run python dvc_crops_stage.py
    deps:
    - path: ../data/raw/annotations
      hash: md5
      md5: c7cb86ae7ece94ef7b853620e464a4d7.dir
      size: 256669
      nfiles: 10
    - path: ../data/raw/images
      hash: md5
      md5: 951150dd4fb053f4665089fcb37a1c87.dir
      size: 13556278
      nfiles: 600
    - path: analyzers
      hash: md5
      md5: e40324666fcdc4965dd640bf550e7ada.dir
      size: 36189
      nfiles: 9
    - path: crops
      hash: md5
      md5: 69e71aff73b0c1e27c467c0b9554a77e.dir
      size: 16814
      nfiles: 4
    - path: dvc_crops_stage.py
      hash: md5
      md5: dbede3ff202ee4c0857384b75aa54d07
      size: 995
    - path: ingestion
      hash: md5
      md5: ca089950caaa39a071f3accdd1cd4c12.dir
      size: 8462
      nfiles: 4
    - path: policies
      hash: md5
      md5: 46c2dbb80ff6ca6f51e733c3fbb31abe.dir
      size: 5233
      nfiles: 8
    - path: pyproject.toml
      hash: md5
      md5: 59314e8423120461a22f3b65b1dc25ec
      size: 2208
    - path: uv.lock
      hash: md5
      md5: 2a6846583267308530823e8e7fa3b529
      size: 247413
    outs:
    - path: ../data/derived/crops
      hash: md5
      md5: 4531108b6a9c14abc12f7e2d718be403.dir
      size: 22211810
      nfiles: 670
  manifest:
    cmd: uv run python dvc_manifest_stage.py
    deps:
    - path: ../data/derived/crops
      hash: md5
      md5: 4531108b6a9c14abc12f7e2d718be403.dir
      size: 22211810
      nfiles: 670
    - path: ../data/raw/annotations
      hash: md5
      md5: c7cb86ae7ece94ef7b853620e464a4d7.dir
      size: 256669
      nfiles: 10
    - path: ../data/raw/images
      hash: md5
      md5: 951150dd4fb053f4665089fcb37a1c87.dir
      size: 13556278
      nfiles: 600
    - path: ../reports/releases/v0.1.1/quality.json
      hash: md5
      md5: 124d28ed7ed8fa0bd69b441015c67b61
      size: 25698
    - path: analyzers/duplicates.py
      hash: md5
      md5: 76c5ab2f5575fbf8e1aea182e2594a55
      size: 2349
    - path: analyzers/invalid_boxes.py
      hash: md5
      md5: 07c61830f87e86447ad368fb670793ae
      size: 3891
    - path: dvc_manifest_stage.py
      hash: md5
      md5: df9f57d5f7b860963cdb73473b493d47
      size: 5885
    - path: ingestion/loader.py
      hash: md5
      md5: 28522dcb1a8340aa41d9302339099d67
      size: 2789
    - path: manifest/__init__.py
      hash: md5
      md5: cf3229e3728efa0b3133536779cab1cc
      size: 81
    - path: manifest/build.py
      hash: md5
      md5: 463490e76592ca690b0bbbf19fb810b2
      size: 9560
    - path: manifest/check_leakage.py
      hash: md5
      md5: 8b6d6da7c557bc4f8b5c606b7046a498
      size: 2905
    - path: manifest/config.py
      hash: md5
      md5: 853790d97fb9b4f74bdee69e34883f4c
      size: 1830
    - path: policies/duplicates.py
      hash: md5
      md5: 9739409d6aca6ddb950bda0cc16d60b1
      size: 395
    - path: policies/invalid_boxes.py
      hash: md5
      md5: 348d235171976030627906b8ebd48d7b
      size: 399
    - path: policies/models.py
      hash: md5
      md5: 74bf2de1b7d3ad7d5749c46a42fc1743
      size: 1405
    - path: policies/quality.yaml
      hash: md5
      md5: 6b7ed64be85828614dac8a1341a3b91f
      size: 1264
    - path: splits/models.py
      hash: md5
      md5: c9057c6b2ee415daed5ad8a0b4016ea0
      size: 1290
    - path: splits/stratified.py
      hash: md5
      md5: f00bfed6ee2d3180f2d11e8d6ea3190a
      size: 12497
    - path: uv.lock
      hash: md5
      md5: 2a6846583267308530823e8e7fa3b529
      size: 247413
    params:
      manifest/manifest.yaml:
        classes:
        - cat
        - dog
        max_deviation_pp: 5.0
        release: v0.1.1
        seed: 42
        test: 0.1
        train: 0.7
        val: 0.2
    outs:
    - path: ../data/derived/manifests/v0.1.1
      hash: md5
      md5: d46f17ea0ad707b18cbd3e196cc370cd.dir
      size: 53411
      nfiles: 1
    - path: ../reports/manifests/v0.1.1/counts.json
      hash: md5
      md5: 9aab2710863dc965010042d8b6f8b771
      size: 1940
    - path: ../reports/manifests/v0.1.1/manifest_meta.json
      hash: md5
      md5: e9763633197e29e678a97400a56f469d
      size: 954
